
Microsoft Visual Studio Solution File, Format Version 12.00
# Visual Studio Version 17
VisualStudioVersion = 17.6.33829.357
MinimumVisualStudioVersion = 10.0.40219.1
Project("{FAE04EC0-301F-11D3-BF4B-00C04F79EFBC}") = "SmartShelter_Web", "SmartShelter_Web\SmartShelter_Web.csproj", "{CA2C7970-A85B-4407-9A87-11A819192550}"
EndProject
Global
	GlobalSection(SolutionConfigurationPlatforms) = preSolution
		Debug|Any CPU = Debug|Any CPU
		Release|Any CPU = Release|Any CPU
	EndGlobalSection
	GlobalSection(ProjectConfigurationPlatforms) = postSolution
		{CA2C7970-A85B-4407-9A87-11A819192550}.Debug|Any CPU.ActiveCfg = Debug|Any CPU
		{CA2C7970-A85B-4407-9A87-11A819192550}.Debug|Any CPU.Build.0 = Debug|Any CPU
		{CA2C7970-A85B-4407-9A87-11A819192550}.Release|Any CPU.ActiveCfg = Release|Any CPU
		{CA2C7970-A85B-4407-9A87-11A819192550}.Release|Any CPU.Build.0 = Release|Any CPU
	EndGlobalSection
	GlobalSection(SolutionProperties) = preSolution
		HideSolutionNode = FALSE
	EndGlobalSection
	GlobalSection(ExtensibilityGlobals) = postSolution
		SolutionGuid = {E5FC150D-49C4-46D5-BD4B-CCF2131D1B69}
	EndGlobalSection
EndGlobal
