
Microsoft Visual Studio Solution File, Format Version 12.00
# Visual Studio Version 17
VisualStudioVersion = 17.6.33829.357
MinimumVisualStudioVersion = 10.0.40219.1
Project("{FAE04EC0-301F-11D3-BF4B-00C04F79EFBC}") = "SmartShelter_WebAPI", "SmartShelter_WebAPI\SmartShelter_WebAPI.csproj", "{E80994C7-8F4B-4AC6-8F00-4AC35558FD7B}"
EndProject
Global
	GlobalSection(SolutionConfigurationPlatforms) = preSolution
		Debug|Any CPU = Debug|Any CPU
		Release|Any CPU = Release|Any CPU
	EndGlobalSection
	GlobalSection(ProjectConfigurationPlatforms) = postSolution
		{E80994C7-8F4B-4AC6-8F00-4AC35558FD7B}.Debug|Any CPU.ActiveCfg = Debug|Any CPU
		{E80994C7-8F4B-4AC6-8F00-4AC35558FD7B}.Debug|Any CPU.Build.0 = Debug|Any CPU
		{E80994C7-8F4B-4AC6-8F00-4AC35558FD7B}.Release|Any CPU.ActiveCfg = Release|Any CPU
		{E80994C7-8F4B-4AC6-8F00-4AC35558FD7B}.Release|Any CPU.Build.0 = Release|Any CPU
	EndGlobalSection
	GlobalSection(SolutionProperties) = preSolution
		HideSolutionNode = FALSE
	EndGlobalSection
	GlobalSection(ExtensibilityGlobals) = postSolution
		SolutionGuid = {DE76BE52-4D79-4370-A279-4446121C72CF}
	EndGlobalSection
EndGlobal
